
Microsoft Visual Studio Solution File, Format Version 12.00
# Visual Studio Version 17
VisualStudioVersion = 17.12.35707.178 d17.12
MinimumVisualStudioVersion = 10.0.40219.1
Project("{FAE04EC0-301F-11D3-BF4B-00C04F79EFBC}") = "CapaDatos", "SistemaDeGestiónDeCitasMédicas\CapaDatos.csproj", "{58EF37EC-BEC5-4508-9C4E-9646CA0B55C7}"
EndProject
Project("{FAE04EC0-301F-11D3-BF4B-00C04F79EFBC}") = "CapaNegocio", "CapaNegocio\CapaNegocio.csproj", "{BD3E75DF-DDE3-4A77-ABDA-182D60565A0E}"
EndProject
Project("{FAE04EC0-301F-11D3-BF4B-00C04F79EFBC}") = "CapaPresentacioon", "CapaPresentacioon\CapaPresentacioon.csproj", "{52F7BECC-B4AF-4EA4-BD16-C90FCBD42A9E}"
EndProject
Global
	GlobalSection(SolutionConfigurationPlatforms) = preSolution
		Debug|Any CPU = Debug|Any CPU
		Release|Any CPU = Release|Any CPU
	EndGlobalSection
	GlobalSection(ProjectConfigurationPlatforms) = postSolution
		{58EF37EC-BEC5-4508-9C4E-9646CA0B55C7}.Debug|Any CPU.ActiveCfg = Debug|Any CPU
		{58EF37EC-BEC5-4508-9C4E-9646CA0B55C7}.Debug|Any CPU.Build.0 = Debug|Any CPU
		{58EF37EC-BEC5-4508-9C4E-9646CA0B55C7}.Release|Any CPU.ActiveCfg = Release|Any CPU
		{58EF37EC-BEC5-4508-9C4E-9646CA0B55C7}.Release|Any CPU.Build.0 = Release|Any CPU
		{BD3E75DF-DDE3-4A77-ABDA-182D60565A0E}.Debug|Any CPU.ActiveCfg = Debug|Any CPU
		{BD3E75DF-DDE3-4A77-ABDA-182D60565A0E}.Debug|Any CPU.Build.0 = Debug|Any CPU
		{BD3E75DF-DDE3-4A77-ABDA-182D60565A0E}.Release|Any CPU.ActiveCfg = Release|Any CPU
		{BD3E75DF-DDE3-4A77-ABDA-182D60565A0E}.Release|Any CPU.Build.0 = Release|Any CPU
		{52F7BECC-B4AF-4EA4-BD16-C90FCBD42A9E}.Debug|Any CPU.ActiveCfg = Debug|Any CPU
		{52F7BECC-B4AF-4EA4-BD16-C90FCBD42A9E}.Debug|Any CPU.Build.0 = Debug|Any CPU
		{52F7BECC-B4AF-4EA4-BD16-C90FCBD42A9E}.Release|Any CPU.ActiveCfg = Release|Any CPU
		{52F7BECC-B4AF-4EA4-BD16-C90FCBD42A9E}.Release|Any CPU.Build.0 = Release|Any CPU
	EndGlobalSection
	GlobalSection(SolutionProperties) = preSolution
		HideSolutionNode = FALSE
	EndGlobalSection
EndGlobal
